
Microsoft Visual Studio Solution File, Format Version 12.00
# Visual Studio Version 17
VisualStudioVersion = 17.11.35125.118
MinimumVisualStudioVersion = 10.0.40219.1
Project("{FAE04EC0-301F-11D3-BF4B-00C04F79EFBC}") = "MyFinancialCrm", "MyFinancialCrm\MyFinancialCrm.csproj", "{06DD7BD1-416B-4440-8478-17453E988C27}"
EndProject
Global
	GlobalSection(SolutionConfigurationPlatforms) = preSolution
		Debug|Any CPU = Debug|Any CPU
		Release|Any CPU = Release|Any CPU
	EndGlobalSection
	GlobalSection(ProjectConfigurationPlatforms) = postSolution
		{06DD7BD1-416B-4440-8478-17453E988C27}.Debug|Any CPU.ActiveCfg = Debug|Any CPU
		{06DD7BD1-416B-4440-8478-17453E988C27}.Debug|Any CPU.Build.0 = Debug|Any CPU
		{06DD7BD1-416B-4440-8478-17453E988C27}.Release|Any CPU.ActiveCfg = Release|Any CPU
		{06DD7BD1-416B-4440-8478-17453E988C27}.Release|Any CPU.Build.0 = Release|Any CPU
	EndGlobalSection
	GlobalSection(SolutionProperties) = preSolution
		HideSolutionNode = FALSE
	EndGlobalSection
	GlobalSection(ExtensibilityGlobals) = postSolution
		SolutionGuid = {1DDDA575-D09F-4CF4-AAA0-94FBF8B613EC}
	EndGlobalSection
EndGlobal
